# This file is generated by running "yarn install" inside your project.
# Manual changes might be lost - proceed with caution!

__metadata:
  version: 8
  cacheKey: 10c0

"node-fetch@npm:^2.6.1":
  version: 2.7.0
  resolution: "node-fetch@npm:2.7.0"
  dependencies:
    whatwg-url: "npm:^5.0.0"
  peerDependencies:
    encoding: ^0.1.0
  peerDependenciesMeta:
    encoding:
      optional: true
  checksum: b55786b6028208e6fbe594ccccc213cab67a72899c9234eb59dba51062a299ea853210fcf526998eaa2867b0963ad72338824450905679ff0fa304b8c5093ae8
  languageName: node
  linkType: hard

"prettier@npm:3.0.3":
  version: 3.0.3
  resolution: "prettier@npm:3.0.3"
  bin:
    prettier: bin/prettier.cjs
  checksum: f950887bc03c5b970d8c6dd129364acfbbc61e7b46aec5d5ce17f4adf6404e2ef43072c98b51c4786e0eaca949b307d362a773fd47502862d754b5a328fa2b26
  languageName: node
  linkType: hard

"tmi.js@npm:^1.8.5":
  version: 1.8.5
  resolution: "tmi.js@npm:1.8.5"
  dependencies:
    node-fetch: "npm:^2.6.1"
    ws: "npm:^8.2.0"
  checksum: a9fe7be5805c44ec1ba6dab0640c935b0ab6a8340b5a9cf9a9ce3731debd525dcbe0952f205f898c6fa94821492d58b26155a82b7854f18bfb1b3239b96f6d2f
  languageName: node
  linkType: hard

"tr46@npm:~0.0.3":
  version: 0.0.3
  resolution: "tr46@npm:0.0.3"
  checksum: 047cb209a6b60c742f05c9d3ace8fa510bff609995c129a37ace03476a9b12db4dbf975e74600830ef0796e18882b2381fb5fb1f6b4f96b832c374de3ab91a11
  languageName: node
  linkType: hard

"twitch-chat-notifier@workspace:.":
  version: 0.0.0-use.local
  resolution: "twitch-chat-notifier@workspace:."
  dependencies:
    prettier: "npm:3.0.3"
    tmi.js: "npm:^1.8.5"
  languageName: unknown
  linkType: soft

"webidl-conversions@npm:^3.0.0":
  version: 3.0.1
  resolution: "webidl-conversions@npm:3.0.1"
  checksum: 5612d5f3e54760a797052eb4927f0ddc01383550f542ccd33d5238cfd65aeed392a45ad38364970d0a0f4fea32e1f4d231b3d8dac4a3bdd385e5cf802ae097db
  languageName: node
  linkType: hard

"whatwg-url@npm:^5.0.0":
  version: 5.0.0
  resolution: "whatwg-url@npm:5.0.0"
  dependencies:
    tr46: "npm:~0.0.3"
    webidl-conversions: "npm:^3.0.0"
  checksum: 1588bed84d10b72d5eec1d0faa0722ba1962f1821e7539c535558fb5398d223b0c50d8acab950b8c488b4ba69043fd833cc2697056b167d8ad46fac3995a55d5
  languageName: node
  linkType: hard

"ws@npm:^8.2.0":
  version: 8.14.2
  resolution: "ws@npm:8.14.2"
  peerDependencies:
    bufferutil: ^4.0.1
    utf-8-validate: ">=5.0.2"
  peerDependenciesMeta:
    bufferutil:
      optional: true
    utf-8-validate:
      optional: true
  checksum: 35b4c2da048b8015c797fd14bcb5a5766216ce65c8a5965616a5440ca7b6c3681ee3cbd0ea0c184a59975556e9d58f2002abf8485a14d11d3371770811050a16
  languageName: node
  linkType: hard
